
Microsoft Visual Studio Solution File, Format Version 12.00
# Visual Studio 2017
Project("{FAE04EC0-301F-11D3-BF4B-00C04F79EFBC}") = "ISE-304-Project", "ISE-304-Project.csproj", "{5829537F-1190-6953-E6F1-16025298B85E}"
EndProject
Global
	GlobalSection(SolutionConfigurationPlatforms) = preSolution
		Debug|Any CPU = Debug|Any CPU
		Release|Any CPU = Release|Any CPU
	EndGlobalSection
	GlobalSection(ProjectConfigurationPlatforms) = postSolution
		{5829537F-1190-6953-E6F1-16025298B85E}.Debug|Any CPU.ActiveCfg = Debug|Any CPU
		{5829537F-1190-6953-E6F1-16025298B85E}.Debug|Any CPU.Build.0 = Debug|Any CPU
		{5829537F-1190-6953-E6F1-16025298B85E}.Release|Any CPU.ActiveCfg = Release|Any CPU
		{5829537F-1190-6953-E6F1-16025298B85E}.Release|Any CPU.Build.0 = Release|Any CPU
	EndGlobalSection
	GlobalSection(SolutionProperties) = preSolution
		HideSolutionNode = FALSE
	EndGlobalSection
EndGlobal
